{
  "name": "tor-js-gateway-integration-tests",
  "lockfileVersion": 3,
  "requires": true,
  "packages": {
    "": {
      "name": "tor-js-gateway-integration-tests",
      "devDependencies": {
        "@kpstreams/quic-client": "^0.2.1",
        "@noble/hashes": "^1.5.0"
      }
    },
    "node_modules/@infisical/quic": {
      "version": "1.0.8",
      "resolved": "https://registry.npmjs.org/@infisical/quic/-/quic-1.0.8.tgz",
      "integrity": "sha512-ozgGkVdLP+ST41rPYmtaUBnBzisEzoI1l9yIds2l3hbd6OX6I836G0djTWLZbisn2ZO8CEbr8buLUclxqiY/IA==",
      "dev": true,
      "license": "Apache-2.0",
      "dependencies": {
        "@matrixai/async-cancellable": "^1.1.1",
        "@matrixai/async-init": "^1.10.0",
        "@matrixai/async-locks": "^4.0.0",
        "@matrixai/contexts": "^1.2.0",
        "@matrixai/errors": "^1.2.0",
        "@matrixai/events": "^3.2.3",
        "@matrixai/logger": "^3.1.2",
        "@matrixai/resources": "^1.1.5",
        "@matrixai/timer": "^1.1.3",
        "ip-num": "^1.5.0"
      },
      "optionalDependencies": {
        "@infisical/quic-darwin-arm64": "1.0.8",
        "@infisical/quic-darwin-universal": "1.0.8",
        "@infisical/quic-darwin-x64": "1.0.8",
        "@infisical/quic-linux-arm": "1.0.8",
        "@infisical/quic-linux-arm64": "1.0.8",
        "@infisical/quic-linux-x64": "1.0.8",
        "@infisical/quic-win32-x64": "1.0.8"
      }
    },
    "node_modules/@infisical/quic-linux-arm64": {
      "version": "1.0.8",
      "resolved": "https://registry.npmjs.org/@infisical/quic-linux-arm64/-/quic-linux-arm64-1.0.8.tgz",
      "integrity": "sha512-vOEr/gIskr+eXN0rofpX1+hCJeKjUnHpt97LVsob9Jh7cXVGa9ywM0NbbYurz7FOdWH8+fBtppxkto4UdLSrZg==",
      "cpu": [
        "arm64"
      ],
      "dev": true,
      "license": "Apache-2.0",
      "optional": true,
      "os": [
        "linux"
      ]
    },
    "node_modules/@infisical/quic-linux-x64": {
      "version": "1.0.8",
      "resolved": "https://registry.npmjs.org/@infisical/quic-linux-x64/-/quic-linux-x64-1.0.8.tgz",
      "integrity": "sha512-YE4xk5xv2oAiqZwVqNhC9AUnuFj1Q0cUiZmxih0RqfO51sr1BCgqmSBRWRykrdL8oyPmQduSNWKN7FcckPhYVQ==",
      "cpu": [
        "x64"
      ],
      "dev": true,
      "license": "Apache-2.0",
      "optional": true,
      "os": [
        "linux"
      ]
    },
    "node_modules/@kpstreams/core": {
      "version": "0.2.1",
      "resolved": "https://registry.npmjs.org/@kpstreams/core/-/core-0.2.1.tgz",
      "integrity": "sha512-cx82IpcAG2OoteTrUbHECIm2jc5rJ0+O8qB7cKAXdvkN5oje4aOIiF8nb7nEk+LSMISz8Zz7znrj+gzSXEBKuw==",
      "dev": true,
      "license": "MIT"
    },
    "node_modules/@kpstreams/quic-client": {
      "version": "0.2.1",
      "resolved": "https://registry.npmjs.org/@kpstreams/quic-client/-/quic-client-0.2.1.tgz",
      "integrity": "sha512-a5dunk3I4fKqdhAlHrFYyNuwyEpy7TvfyqljwbBO8SStuHEGFC7spZC8rnSmhWPGN9KOYEQLtFJ/La8+PaZB6Q==",
      "dev": true,
      "license": "MIT",
      "dependencies": {
        "@infisical/quic": "1.0.8",
        "@kpstreams/core": "^0.2.1",
        "@matrixai/logger": "^3.1.3"
      },
      "engines": {
        "node": ">=20"
      }
    },
    "node_modules/@matrixai/async-cancellable": {
      "version": "1.1.1",
      "resolved": "https://registry.npmjs.org/@matrixai/async-cancellable/-/async-cancellable-1.1.1.tgz",
      "integrity": "sha512-f0yxu7dHwvffZ++7aCm2WIcCJn18uLcOTdCCwEA3R3KVHYE3TG/JNoTWD9/mqBkAV1AI5vBfJzg27WnF9rOUXQ==",
      "dev": true,
      "license": "Apache-2.0"
    },
    "node_modules/@matrixai/async-init": {
      "version": "1.10.0",
      "resolved": "https://registry.npmjs.org/@matrixai/async-init/-/async-init-1.10.0.tgz",
      "integrity": "sha512-JjUFu6rqd+dtTHFJ6z8bjbceuFGBj/APWfJByVsfbEH1DJsOgWERFcW3DBUrS0mgTph4Vl518tsNcsSwKT5Y+g==",
      "dev": true,
      "license": "Apache-2.0",
      "dependencies": {
        "@matrixai/async-locks": "^4.0.0",
        "@matrixai/errors": "^1.2.0",
        "@matrixai/events": "^3.2.0"
      }
    },
    "node_modules/@matrixai/async-locks": {
      "version": "4.0.0",
      "resolved": "https://registry.npmjs.org/@matrixai/async-locks/-/async-locks-4.0.0.tgz",
      "integrity": "sha512-u/3fOdtjOKcDYF8dDoPR1/+7nmOkhxo42eBpXTEgfI0hLPGI37PoW7tjLvwy+O51Quy1HGOwhsR/Dgr4x+euug==",
      "dev": true,
      "license": "Apache-2.0",
      "dependencies": {
        "@matrixai/async-cancellable": "^1.1.1",
        "@matrixai/errors": "^1.1.7",
        "@matrixai/resources": "^1.1.5",
        "@matrixai/timer": "^1.1.1"
      }
    },
    "node_modules/@matrixai/contexts": {
      "version": "1.2.0",
      "resolved": "https://registry.npmjs.org/@matrixai/contexts/-/contexts-1.2.0.tgz",
      "integrity": "sha512-MR/B02Kf4UoliP9b/gMMKsvWV6QM4JSPKTIqrhQP2tbOl3FwLI+AIhL3vgYEj1Xw+PP8bY5cr8ontJ8x6AJyMg==",
      "dev": true,
      "license": "Apache-2.0",
      "dependencies": {
        "@matrixai/async-cancellable": "^1.1.1",
        "@matrixai/async-locks": "^4.0.0",
        "@matrixai/errors": "^1.1.7",
        "@matrixai/resources": "^1.1.5",
        "@matrixai/timer": "^1.1.1"
      }
    },
    "node_modules/@matrixai/errors": {
      "version": "1.2.0",
      "resolved": "https://registry.npmjs.org/@matrixai/errors/-/errors-1.2.0.tgz",
      "integrity": "sha512-eZHPHFla5GFmi0O0yGgbtkca+ZjwpDbMz+60NC3y+DzQq6BMoe4gHmPjDalAHTxyxv0+Q+AWJTuV8Ows+IqBfQ==",
      "dev": true,
      "license": "Apache-2.0",
      "dependencies": {
        "ts-custom-error": "3.2.2"
      }
    },
    "node_modules/@matrixai/events": {
      "version": "3.2.3",
      "resolved": "https://registry.npmjs.org/@matrixai/events/-/events-3.2.3.tgz",
      "integrity": "sha512-bZrNCwzYeFalGQpn8qa/jgD10mUAwLRbv6xGMI7gGz1f+vE65d3GPoJ6JoFOJSg9iCmRSayQJ+IipH3LMATvDA==",
      "dev": true,
      "license": "Apache-2.0"
    },
    "node_modules/@matrixai/logger": {
      "version": "3.1.3",
      "resolved": "https://registry.npmjs.org/@matrixai/logger/-/logger-3.1.3.tgz",
      "integrity": "sha512-wIHyiAzkrlZ/qlss4HLtXFzdlk1hxmAb0FNCQMd7ZwiHJABiKbvQtFSpBUvUakZYwYomiFmHwTYkHloiIVjrsg==",
      "dev": true,
      "license": "Apache-2.0"
    },
    "node_modules/@matrixai/resources": {
      "version": "1.1.5",
      "resolved": "https://registry.npmjs.org/@matrixai/resources/-/resources-1.1.5.tgz",
      "integrity": "sha512-m/DEZEe3wHqWEPTyoBtzFF6U9vWYhEnQtGgwvqiAlTxTM0rk96UBpWjDZCTF/vYG11ZlmlQFtg5H+zGgbjaB3Q==",
      "dev": true,
      "license": "Apache-2.0"
    },
    "node_modules/@matrixai/timer": {
      "version": "1.1.3",
      "resolved": "https://registry.npmjs.org/@matrixai/timer/-/timer-1.1.3.tgz",
      "integrity": "sha512-BG5bAZMIt7qxc9iqAOCk2zm7V0+yNQLwp+WhsWVkP25Nvd1klqKpScE1lGwoLA27ygxEi+8IRU3wa8PLrhs0DQ==",
      "dev": true,
      "license": "Apache-2.0",
      "dependencies": {
        "@matrixai/async-cancellable": "^1.1.1",
        "@matrixai/errors": "^1.1.7"
      }
    },
    "node_modules/@noble/hashes": {
      "version": "1.8.0",
      "resolved": "https://registry.npmjs.org/@noble/hashes/-/hashes-1.8.0.tgz",
      "integrity": "sha512-jCs9ldd7NwzpgXDIf6P3+NrHh9/sD6CQdxHyjQI+h/6rDNo88ypBxxz45UDuZHz9r3tNz7N/VInSVoVdtXEI4A==",
      "dev": true,
      "license": "MIT",
      "engines": {
        "node": "^14.21.3 || >=16"
      },
      "funding": {
        "url": "https://paulmillr.com/funding/"
      }
    },
    "node_modules/ip-num": {
      "version": "1.5.2",
      "resolved": "https://registry.npmjs.org/ip-num/-/ip-num-1.5.2.tgz",
      "integrity": "sha512-CUxHEJuJk74GIQA75LD9RDkpK/3NJv8yRnseOh79AlRmFwT1HgYPKDOiVkd0QVR5MNwMj9EnOnS1yJn9CaYNZA==",
      "dev": true,
      "license": "MIT"
    },
    "node_modules/ts-custom-error": {
      "version": "3.2.2",
      "resolved": "https://registry.npmjs.org/ts-custom-error/-/ts-custom-error-3.2.2.tgz",
      "integrity": "sha512-u0YCNf2lf6T/vHm+POKZK1yFKWpSpJitcUN3HxqyEcFuNnHIDbyuIQC7QDy/PsBX3giFyk9rt6BFqBAh2lsDZQ==",
      "dev": true,
      "license": "MIT",
      "engines": {
        "node": ">=14.0.0"
      }
    }
  }
}
